
Microsoft Visual Studio Solution File, Format Version 12.00
# Visual Studio Version 17
VisualStudioVersion = 17.3.32811.315
MinimumVisualStudioVersion = 10.0.40219.1
Project("{8BC9CEB8-8B4A-11D0-8D11-00A0C91BC942}") = "test_2022_8_25", "test_2022_8_25\test_2022_8_25.vcxproj", "{477A0F93-CFDC-4FE9-8748-158D2E666B63}"
EndProject
Global
	GlobalSection(SolutionConfigurationPlatforms) = preSolution
		Debug|x64 = Debug|x64
		Debug|x86 = Debug|x86
		Release|x64 = Release|x64
		Release|x86 = Release|x86
	EndGlobalSection
	GlobalSection(ProjectConfigurationPlatforms) = postSolution
		{477A0F93-CFDC-4FE9-8748-158D2E666B63}.Debug|x64.ActiveCfg = Debug|x64
		{477A0F93-CFDC-4FE9-8748-158D2E666B63}.Debug|x64.Build.0 = Debug|x64
		{477A0F93-CFDC-4FE9-8748-158D2E666B63}.Debug|x86.ActiveCfg = Debug|Win32
		{477A0F93-CFDC-4FE9-8748-158D2E666B63}.Debug|x86.Build.0 = Debug|Win32
		{477A0F93-CFDC-4FE9-8748-158D2E666B63}.Release|x64.ActiveCfg = Release|x64
		{477A0F93-CFDC-4FE9-8748-158D2E666B63}.Release|x64.Build.0 = Release|x64
		{477A0F93-CFDC-4FE9-8748-158D2E666B63}.Release|x86.ActiveCfg = Release|Win32
		{477A0F93-CFDC-4FE9-8748-158D2E666B63}.Release|x86.Build.0 = Release|Win32
	EndGlobalSection
	GlobalSection(SolutionProperties) = preSolution
		HideSolutionNode = FALSE
	EndGlobalSection
	GlobalSection(ExtensibilityGlobals) = postSolution
		SolutionGuid = {FFB4B8F7-0622-43C4-8832-B2D00085AABE}
	EndGlobalSection
EndGlobal
